
Microsoft Visual Studio Solution File, Format Version 12.00
# Visual Studio Version 16
VisualStudioVersion = 16.0.31424.327
MinimumVisualStudioVersion = 10.0.40219.1
Project("{FAE04EC0-301F-11D3-BF4B-00C04F79EFBC}") = "SummerBootCampTask2", "SummerBootCampTask2\SummerBootCampTask2.csproj", "{B75A82FE-411D-47D5-98EA-3AD5A31D64E1}"
EndProject
Global
	GlobalSection(SolutionConfigurationPlatforms) = preSolution
		Debug|Any CPU = Debug|Any CPU
		Release|Any CPU = Release|Any CPU
	EndGlobalSection
	GlobalSection(ProjectConfigurationPlatforms) = postSolution
		{B75A82FE-411D-47D5-98EA-3AD5A31D64E1}.Debug|Any CPU.ActiveCfg = Debug|Any CPU
		{B75A82FE-411D-47D5-98EA-3AD5A31D64E1}.Debug|Any CPU.Build.0 = Debug|Any CPU
		{B75A82FE-411D-47D5-98EA-3AD5A31D64E1}.Release|Any CPU.ActiveCfg = Release|Any CPU
		{B75A82FE-411D-47D5-98EA-3AD5A31D64E1}.Release|Any CPU.Build.0 = Release|Any CPU
	EndGlobalSection
	GlobalSection(SolutionProperties) = preSolution
		HideSolutionNode = FALSE
	EndGlobalSection
	GlobalSection(ExtensibilityGlobals) = postSolution
		SolutionGuid = {16BDF1AF-233C-42D4-A1E9-B220B5C378A8}
	EndGlobalSection
EndGlobal
